
Microsoft Visual Studio Solution File, Format Version 12.00
# Visual Studio Version 17
VisualStudioVersion = 17.7.34031.279
MinimumVisualStudioVersion = 10.0.40219.1
Project("{8BC9CEB8-8B4A-11D0-8D11-00A0C91BC942}") = "Compulsory3_Trees_and_Graphs", "Compulsory3_Trees_and_Graphs\Compulsory3_Trees_and_Graphs.vcxproj", "{F4136496-B541-4E2F-8ACA-69F85B5098BD}"
EndProject
Global
	GlobalSection(SolutionConfigurationPlatforms) = preSolution
		Debug|x64 = Debug|x64
		Debug|x86 = Debug|x86
		Release|x64 = Release|x64
		Release|x86 = Release|x86
	EndGlobalSection
	GlobalSection(ProjectConfigurationPlatforms) = postSolution
		{F4136496-B541-4E2F-8ACA-69F85B5098BD}.Debug|x64.ActiveCfg = Debug|x64
		{F4136496-B541-4E2F-8ACA-69F85B5098BD}.Debug|x64.Build.0 = Debug|x64
		{F4136496-B541-4E2F-8ACA-69F85B5098BD}.Debug|x86.ActiveCfg = Debug|Win32
		{F4136496-B541-4E2F-8ACA-69F85B5098BD}.Debug|x86.Build.0 = Debug|Win32
		{F4136496-B541-4E2F-8ACA-69F85B5098BD}.Release|x64.ActiveCfg = Release|x64
		{F4136496-B541-4E2F-8ACA-69F85B5098BD}.Release|x64.Build.0 = Release|x64
		{F4136496-B541-4E2F-8ACA-69F85B5098BD}.Release|x86.ActiveCfg = Release|Win32
		{F4136496-B541-4E2F-8ACA-69F85B5098BD}.Release|x86.Build.0 = Release|Win32
	EndGlobalSection
	GlobalSection(SolutionProperties) = preSolution
		HideSolutionNode = FALSE
	EndGlobalSection
	GlobalSection(ExtensibilityGlobals) = postSolution
		SolutionGuid = {52E19664-FA66-4981-8FAD-04C1E8493DEA}
	EndGlobalSection
EndGlobal
